
Microsoft Visual Studio Solution File, Format Version 12.00
# Visual Studio 14
VisualStudioVersion = 14.0.24720.0
MinimumVisualStudioVersion = 10.0.40219.1
Project("{FAE04EC0-301F-11D3-BF4B-00C04F79EFBC}") = "TCPCopycat", "TCPCopycat\TCPCopycat.csproj", "{3B6D6B3C-7E69-4027-A4FE-C69A5E91EA63}"
EndProject
Project("{FAE04EC0-301F-11D3-BF4B-00C04F79EFBC}") = "LogApp", "LogApp\LogApp.csproj", "{BC01198B-1D72-4AAE-8BFB-C1221DD17565}"
	ProjectSection(ProjectDependencies) = postProject
		{3B6D6B3C-7E69-4027-A4FE-C69A5E91EA63} = {3B6D6B3C-7E69-4027-A4FE-C69A5E91EA63}
	EndProjectSection
EndProject
Project("{FAE04EC0-301F-11D3-BF4B-00C04F79EFBC}") = "ClientApp", "ClientApp\ClientApp.csproj", "{78436067-5A93-46DA-AC95-8A5461D78919}"
	ProjectSection(ProjectDependencies) = postProject
		{3B6D6B3C-7E69-4027-A4FE-C69A5E91EA63} = {3B6D6B3C-7E69-4027-A4FE-C69A5E91EA63}
	EndProjectSection
EndProject
Project("{FAE04EC0-301F-11D3-BF4B-00C04F79EFBC}") = "ServerApp", "ServerApp\ServerApp.csproj", "{34EF306A-887D-474B-98DE-EEAE94C77F8E}"
	ProjectSection(ProjectDependencies) = postProject
		{3B6D6B3C-7E69-4027-A4FE-C69A5E91EA63} = {3B6D6B3C-7E69-4027-A4FE-C69A5E91EA63}
	EndProjectSection
EndProject
Global
	GlobalSection(SolutionConfigurationPlatforms) = preSolution
		Debug|Any CPU = Debug|Any CPU
		Release|Any CPU = Release|Any CPU
	EndGlobalSection
	GlobalSection(ProjectConfigurationPlatforms) = postSolution
		{3B6D6B3C-7E69-4027-A4FE-C69A5E91EA63}.Debug|Any CPU.ActiveCfg = Debug|Any CPU
		{3B6D6B3C-7E69-4027-A4FE-C69A5E91EA63}.Debug|Any CPU.Build.0 = Debug|Any CPU
		{3B6D6B3C-7E69-4027-A4FE-C69A5E91EA63}.Release|Any CPU.ActiveCfg = Release|Any CPU
		{3B6D6B3C-7E69-4027-A4FE-C69A5E91EA63}.Release|Any CPU.Build.0 = Release|Any CPU
		{BC01198B-1D72-4AAE-8BFB-C1221DD17565}.Debug|Any CPU.ActiveCfg = Debug|Any CPU
		{BC01198B-1D72-4AAE-8BFB-C1221DD17565}.Debug|Any CPU.Build.0 = Debug|Any CPU
		{BC01198B-1D72-4AAE-8BFB-C1221DD17565}.Release|Any CPU.ActiveCfg = Release|Any CPU
		{BC01198B-1D72-4AAE-8BFB-C1221DD17565}.Release|Any CPU.Build.0 = Release|Any CPU
		{78436067-5A93-46DA-AC95-8A5461D78919}.Debug|Any CPU.ActiveCfg = Debug|Any CPU
		{78436067-5A93-46DA-AC95-8A5461D78919}.Debug|Any CPU.Build.0 = Debug|Any CPU
		{78436067-5A93-46DA-AC95-8A5461D78919}.Release|Any CPU.ActiveCfg = Release|Any CPU
		{78436067-5A93-46DA-AC95-8A5461D78919}.Release|Any CPU.Build.0 = Release|Any CPU
		{34EF306A-887D-474B-98DE-EEAE94C77F8E}.Debug|Any CPU.ActiveCfg = Debug|Any CPU
		{34EF306A-887D-474B-98DE-EEAE94C77F8E}.Debug|Any CPU.Build.0 = Debug|Any CPU
		{34EF306A-887D-474B-98DE-EEAE94C77F8E}.Release|Any CPU.ActiveCfg = Release|Any CPU
		{34EF306A-887D-474B-98DE-EEAE94C77F8E}.Release|Any CPU.Build.0 = Release|Any CPU
	EndGlobalSection
	GlobalSection(SolutionProperties) = preSolution
		HideSolutionNode = FALSE
	EndGlobalSection
EndGlobal
